
Microsoft Visual Studio Solution File, Format Version 12.00
# Visual Studio Version 16
VisualStudioVersion = 16.0.30204.135
MinimumVisualStudioVersion = 10.0.40219.1
Project("{FAE04EC0-301F-11D3-BF4B-00C04F79EFBC}") = "StudentsManagementAppForSchools", "StudentsManagementAppForSchools\StudentsManagementAppForSchools.csproj", "{3679DB50-933A-4184-8B28-E75F9000902A}"
EndProject
Global
	GlobalSection(SolutionConfigurationPlatforms) = preSolution
		Debug|Any CPU = Debug|Any CPU
		Release|Any CPU = Release|Any CPU
	EndGlobalSection
	GlobalSection(ProjectConfigurationPlatforms) = postSolution
		{3679DB50-933A-4184-8B28-E75F9000902A}.Debug|Any CPU.ActiveCfg = Debug|Any CPU
		{3679DB50-933A-4184-8B28-E75F9000902A}.Debug|Any CPU.Build.0 = Debug|Any CPU
		{3679DB50-933A-4184-8B28-E75F9000902A}.Release|Any CPU.ActiveCfg = Release|Any CPU
		{3679DB50-933A-4184-8B28-E75F9000902A}.Release|Any CPU.Build.0 = Release|Any CPU
	EndGlobalSection
	GlobalSection(SolutionProperties) = preSolution
		HideSolutionNode = FALSE
	EndGlobalSection
	GlobalSection(ExtensibilityGlobals) = postSolution
		SolutionGuid = {1A14A81A-1B18-46ED-8360-E84D8BCC1C79}
	EndGlobalSection
EndGlobal
